
Microsoft Visual Studio Solution File, Format Version 12.00
# Visual Studio 15
VisualStudioVersion = 15.0.27428.2037
MinimumVisualStudioVersion = 10.0.40219.1
Project("{FAE04EC0-301F-11D3-BF4B-00C04F79EFBC}") = "Mentha", "Mentha\Mentha.csproj", "{F977F8EF-3E72-4AEB-BD6E-34B03D5536DF}"
EndProject
Global
	GlobalSection(SolutionConfigurationPlatforms) = preSolution
		Debug|Any CPU = Debug|Any CPU
		Release|Any CPU = Release|Any CPU
	EndGlobalSection
	GlobalSection(ProjectConfigurationPlatforms) = postSolution
		{F977F8EF-3E72-4AEB-BD6E-34B03D5536DF}.Debug|Any CPU.ActiveCfg = Debug|Any CPU
		{F977F8EF-3E72-4AEB-BD6E-34B03D5536DF}.Debug|Any CPU.Build.0 = Debug|Any CPU
		{F977F8EF-3E72-4AEB-BD6E-34B03D5536DF}.Release|Any CPU.ActiveCfg = Release|Any CPU
		{F977F8EF-3E72-4AEB-BD6E-34B03D5536DF}.Release|Any CPU.Build.0 = Release|Any CPU
	EndGlobalSection
	GlobalSection(SolutionProperties) = preSolution
		HideSolutionNode = FALSE
	EndGlobalSection
	GlobalSection(ExtensibilityGlobals) = postSolution
		SolutionGuid = {4B3B66C6-466F-458B-94B1-8F41C2334DE0}
	EndGlobalSection
EndGlobal
